
Microsoft Visual Studio Solution File, Format Version 12.00
# Visual Studio Version 17
VisualStudioVersion = 17.6.33801.468
MinimumVisualStudioVersion = 10.0.40219.1
Project("{E24C65DC-7377-472B-9ABA-BC803B73C61A}") = "VersionSystem3Tire", "VersionSystem3Tire\", "{FAA921D6-963B-44ED-BDEC-F85FB31278F2}"
	ProjectSection(WebsiteProperties) = preProject
		TargetFrameworkMoniker = ".NETFramework,Version%3Dv4.8"
		Debug.AspNetCompiler.VirtualPath = "/localhost_63225"
		Debug.AspNetCompiler.PhysicalPath = "VersionSystem3Tire\"
		Debug.AspNetCompiler.TargetPath = "PrecompiledWeb\localhost_63225\"
		Debug.AspNetCompiler.Updateable = "true"
		Debug.AspNetCompiler.ForceOverwrite = "true"
		Debug.AspNetCompiler.FixedNames = "false"
		Debug.AspNetCompiler.Debug = "True"
		Release.AspNetCompiler.VirtualPath = "/localhost_63225"
		Release.AspNetCompiler.PhysicalPath = "VersionSystem3Tire\"
		Release.AspNetCompiler.TargetPath = "PrecompiledWeb\localhost_63225\"
		Release.AspNetCompiler.Updateable = "true"
		Release.AspNetCompiler.ForceOverwrite = "true"
		Release.AspNetCompiler.FixedNames = "false"
		Release.AspNetCompiler.Debug = "False"
		VWDPort = "63225"
		SlnRelativePath = "VersionSystem3Tire\"
		DefaultWebSiteLanguage = "Visual C#"
	EndProjectSection
EndProject
Global
	GlobalSection(SolutionConfigurationPlatforms) = preSolution
		Debug|Any CPU = Debug|Any CPU
	EndGlobalSection
	GlobalSection(ProjectConfigurationPlatforms) = postSolution
		{FAA921D6-963B-44ED-BDEC-F85FB31278F2}.Debug|Any CPU.ActiveCfg = Debug|Any CPU
		{FAA921D6-963B-44ED-BDEC-F85FB31278F2}.Debug|Any CPU.Build.0 = Debug|Any CPU
	EndGlobalSection
	GlobalSection(SolutionProperties) = preSolution
		HideSolutionNode = FALSE
	EndGlobalSection
	GlobalSection(ExtensibilityGlobals) = postSolution
		SolutionGuid = {27F76B97-D615-42F5-9B65-6D1765A2627C}
	EndGlobalSection
EndGlobal
